
Microsoft Visual Studio Solution File, Format Version 12.00
# Visual Studio Version 17
VisualStudioVersion = 17.5.33627.172
MinimumVisualStudioVersion = 10.0.40219.1
Project("{9A19103F-16F7-4668-BE54-9A1E7A4F7556}") = "IT.Xml.C14N", "IT.Xml.C14N\IT.Xml.C14N.csproj", "{EA0F4A18-D886-43F3-8C60-7F3392B9C0DD}"
EndProject
Project("{FAE04EC0-301F-11D3-BF4B-00C04F79EFBC}") = "IT.Xml.C14N.Tests", "IT.Xml.C14N.Tests\IT.Xml.C14N.Tests.csproj", "{004FC846-8696-4211-A5D0-0DFE9C84E028}"
EndProject
Global
	GlobalSection(SolutionConfigurationPlatforms) = preSolution
		Debug|Any CPU = Debug|Any CPU
		Release|Any CPU = Release|Any CPU
	EndGlobalSection
	GlobalSection(ProjectConfigurationPlatforms) = postSolution
		{EA0F4A18-D886-43F3-8C60-7F3392B9C0DD}.Debug|Any CPU.ActiveCfg = Debug|Any CPU
		{EA0F4A18-D886-43F3-8C60-7F3392B9C0DD}.Debug|Any CPU.Build.0 = Debug|Any CPU
		{EA0F4A18-D886-43F3-8C60-7F3392B9C0DD}.Release|Any CPU.ActiveCfg = Release|Any CPU
		{EA0F4A18-D886-43F3-8C60-7F3392B9C0DD}.Release|Any CPU.Build.0 = Release|Any CPU
		{004FC846-8696-4211-A5D0-0DFE9C84E028}.Debug|Any CPU.ActiveCfg = Debug|Any CPU
		{004FC846-8696-4211-A5D0-0DFE9C84E028}.Debug|Any CPU.Build.0 = Debug|Any CPU
		{004FC846-8696-4211-A5D0-0DFE9C84E028}.Release|Any CPU.ActiveCfg = Release|Any CPU
		{004FC846-8696-4211-A5D0-0DFE9C84E028}.Release|Any CPU.Build.0 = Release|Any CPU
	EndGlobalSection
	GlobalSection(SolutionProperties) = preSolution
		HideSolutionNode = FALSE
	EndGlobalSection
	GlobalSection(ExtensibilityGlobals) = postSolution
		SolutionGuid = {CEB88F79-5A2F-49F8-B2D5-D09115D5C4D6}
	EndGlobalSection
EndGlobal
